
Microsoft Visual Studio Solution File, Format Version 12.00
# Visual Studio 15
VisualStudioVersion = 15.0.28010.2041
MinimumVisualStudioVersion = 10.0.40219.1
Project("{FAE04EC0-301F-11D3-BF4B-00C04F79EFBC}") = "BookRestSimpleDatabase", "BookRestSimpleDatabase\BookRestSimpleDatabase.csproj", "{13EEA2A9-8764-4832-8240-DDCCFA6B06AF}"
EndProject
Global
	GlobalSection(SolutionConfigurationPlatforms) = preSolution
		Debug|Any CPU = Debug|Any CPU
		Release|Any CPU = Release|Any CPU
	EndGlobalSection
	GlobalSection(ProjectConfigurationPlatforms) = postSolution
		{13EEA2A9-8764-4832-8240-DDCCFA6B06AF}.Debug|Any CPU.ActiveCfg = Debug|Any CPU
		{13EEA2A9-8764-4832-8240-DDCCFA6B06AF}.Debug|Any CPU.Build.0 = Debug|Any CPU
		{13EEA2A9-8764-4832-8240-DDCCFA6B06AF}.Release|Any CPU.ActiveCfg = Release|Any CPU
		{13EEA2A9-8764-4832-8240-DDCCFA6B06AF}.Release|Any CPU.Build.0 = Release|Any CPU
	EndGlobalSection
	GlobalSection(SolutionProperties) = preSolution
		HideSolutionNode = FALSE
	EndGlobalSection
	GlobalSection(ExtensibilityGlobals) = postSolution
		SolutionGuid = {908A2C1B-9F06-4196-A9A7-8532963584E4}
	EndGlobalSection
EndGlobal
